
Microsoft Visual Studio Solution File, Format Version 12.00
# Visual Studio Version 17
VisualStudioVersion = 17.3.32922.545
MinimumVisualStudioVersion = 10.0.40219.1
Project("{2150E333-8FDC-42A3-9474-1A3956D46DE8}") = "Source", "Source", "{719C5ADD-8193-495D-B259-C9F9AF99B7BA}"
EndProject
Project("{2150E333-8FDC-42A3-9474-1A3956D46DE8}") = "Presentation", "Presentation", "{B7E299B2-AF17-49F3-92FB-5A482D721DCF}"
EndProject
Project("{2150E333-8FDC-42A3-9474-1A3956D46DE8}") = "WindowFormApp", "WindowFormApp", "{75E44F68-FACD-4B1F-B60D-EDEA68273EB5}"
EndProject
Project("{FAE04EC0-301F-11D3-BF4B-00C04F79EFBC}") = "Interfax.Calculater", "Interfax.Calculater\Interfax.Calculater.csproj", "{265BBD55-170C-47B2-9DD7-B66A54396689}"
EndProject
Project("{2150E333-8FDC-42A3-9474-1A3956D46DE8}") = "ApplicationFirst", "ApplicationFirst", "{2C681300-A52D-4888-A7B7-E61AA1EAAC5A}"
EndProject
Project("{FAE04EC0-301F-11D3-BF4B-00C04F79EFBC}") = "Application.Calculater", "Application.Calculater\Application.Calculater.csproj", "{3D52F659-D648-41B1-A27D-D5A85B91D677}"
EndProject
Global
	GlobalSection(SolutionConfigurationPlatforms) = preSolution
		Debug|Any CPU = Debug|Any CPU
		Release|Any CPU = Release|Any CPU
	EndGlobalSection
	GlobalSection(ProjectConfigurationPlatforms) = postSolution
		{265BBD55-170C-47B2-9DD7-B66A54396689}.Debug|Any CPU.ActiveCfg = Debug|Any CPU
		{265BBD55-170C-47B2-9DD7-B66A54396689}.Debug|Any CPU.Build.0 = Debug|Any CPU
		{265BBD55-170C-47B2-9DD7-B66A54396689}.Release|Any CPU.ActiveCfg = Release|Any CPU
		{265BBD55-170C-47B2-9DD7-B66A54396689}.Release|Any CPU.Build.0 = Release|Any CPU
		{3D52F659-D648-41B1-A27D-D5A85B91D677}.Debug|Any CPU.ActiveCfg = Debug|Any CPU
		{3D52F659-D648-41B1-A27D-D5A85B91D677}.Debug|Any CPU.Build.0 = Debug|Any CPU
		{3D52F659-D648-41B1-A27D-D5A85B91D677}.Release|Any CPU.ActiveCfg = Release|Any CPU
		{3D52F659-D648-41B1-A27D-D5A85B91D677}.Release|Any CPU.Build.0 = Release|Any CPU
	EndGlobalSection
	GlobalSection(SolutionProperties) = preSolution
		HideSolutionNode = FALSE
	EndGlobalSection
	GlobalSection(NestedProjects) = preSolution
		{B7E299B2-AF17-49F3-92FB-5A482D721DCF} = {719C5ADD-8193-495D-B259-C9F9AF99B7BA}
		{75E44F68-FACD-4B1F-B60D-EDEA68273EB5} = {B7E299B2-AF17-49F3-92FB-5A482D721DCF}
		{265BBD55-170C-47B2-9DD7-B66A54396689} = {75E44F68-FACD-4B1F-B60D-EDEA68273EB5}
		{2C681300-A52D-4888-A7B7-E61AA1EAAC5A} = {719C5ADD-8193-495D-B259-C9F9AF99B7BA}
		{3D52F659-D648-41B1-A27D-D5A85B91D677} = {2C681300-A52D-4888-A7B7-E61AA1EAAC5A}
	EndGlobalSection
	GlobalSection(ExtensibilityGlobals) = postSolution
		SolutionGuid = {25A8E4F5-4FF6-4C7D-B2FF-C879653F3A58}
	EndGlobalSection
EndGlobal
